// !$*UTF8*$!
{
	archiveVersion = 1;
	classes = {
	};
	objectVersion = 46;
	objects = {

/* Begin PBXBuildFile section */
		29995BC321308E9B008FE485 /* AppDelegate.swift in Sources */ = {isa = PBXBuildFile; fileRef = 29995BC221308E9B008FE485 /* AppDelegate.swift */; };
		29995BC521308E9C008FE485 /* ViewController.swift in Sources */ = {isa = PBXBuildFile; fileRef = 29995BC421308E9C008FE485 /* ViewController.swift */; };
		29995BC821308E9C008FE485 /* Main.storyboard in Resources */ = {isa = PBXBuildFile; fileRef = 29995BC621308E9C008FE485 /* Main.storyboard */; };
		29995BCB21308E9C008FE485 /* todo.xcdatamodeld in Sources */ = {isa = PBXBuildFile; fileRef = 29995BC921308E9C008FE485 /* todo.xcdatamodeld */; };
		29995BCD21308E9C008FE485 /* Assets.xcassets in Resources */ = {isa = PBXBuildFile; fileRef = 29995BCC21308E9C008FE485 /* Assets.xcassets */; };
		29995BD021308E9C008FE485 /* LaunchScreen.storyboard in Resources */ = {isa = PBXBuildFile; fileRef = 29995BCE21308E9C008FE485 /* LaunchScreen.storyboard */; };
/* End PBXBuildFile section */

/* Begin PBXFileReference section */
		29995BBF21308E9B008FE485 /* todo.app */ = {isa = PBXFileReference; explicitFileType = wrapper.application; includeInIndex = 0; path = todo.app; sourceTree = BUILT_PRODUCTS_DIR; };
		29995BC221308E9B008FE485 /* AppDelegate.swift */ = {isa = PBXFileReference; lastKnownFileType = sourcecode.swift; path = AppDelegate.swift; sourceTree = "<group>"; };
		29995BC421308E9C008FE485 /* ViewController.swift */ = {isa = PBXFileReference; lastKnownFileType = sourcecode.swift; path = ViewController.swift; sourceTree = "<group>"; };
		29995BC721308E9C008FE485 /* Base */ = {isa = PBXFileReference; lastKnownFileType = file.storyboard; name = Base; path = Base.lproj/Main.storyboard; sourceTree = "<group>"; };
		29995BCA21308E9C008FE485 /* todo.xcdatamodel */ = {isa = PBXFileReference; lastKnownFileType = wrapper.xcdatamodel; path = todo.xcdatamodel; sourceTree = "<group>"; };
		29995BCC21308E9C008FE485 /* Assets.xcassets */ = {isa = PBXFileReference; lastKnownFileType = folder.assetcatalog; path = Assets.xcassets; sourceTree = "<group>"; };
		29995BCF21308E9C008FE485 /* Base */ = {isa = PBXFileReference; lastKnownFileType = file.storyboard; name = Base; path = Base.lproj/LaunchScreen.storyboard; sourceTree = "<group>"; };
		29995BD121308E9D008FE485 /* Info.plist */ = {isa = PBXFileReference; lastKnownFileType = text.plist.xml; path = Info.plist; sourceTree = "<group>"; };
/* End PBXFileReference section */

/* Begin PBXFrameworksBuildPhase section */
		29995BBC21308E9B008FE485 /* Frameworks */ = {
			isa = PBXFrameworksBuildPhase;
			buildActionMask = 2147483647;
			files = (
			);
			runOnlyForDeploymentPostprocessing = 0;
		};
/* End PBXFrameworksBuildPhase section */

/* Begin PBXGroup section */
		29995BB621308E9B008FE485 = {
			isa = PBXGroup;
			children = (
				29995BC121308E9B008FE485 /* todo */,
				29995BC021308E9B008FE485 /* Products */,
			);
			sourceTree = "<group>";
		};
		29995BC021308E9B008FE485 /* Products */ = {
			isa = PBXGroup;
			children = (
				29995BBF21308E9B008FE485 /* todo.app */,
			);
			name = Products;
			sourceTree = "<group>";
		};
		29995BC121308E9B008FE485 /* todo */ = {
			isa = PBXGroup;
			children = (
				29995BC221308E9B008FE485 /* AppDelegate.swift */,
				29995BC421308E9C008FE485 /* ViewController.swift */,
				29995BC621308E9C008FE485 /* Main.storyboard */,
				29995BCC21308E9C008FE485 /* Assets.xcassets */,
				29995BCE21308E9C008FE485 /* LaunchScreen.storyboard */,
				29995BD121308E9D008FE485 /* Info.plist */,
				29995BC921308E9C008FE485 /* todo.xcdatamodeld */,
			);
			path = todo;
			sourceTree = "<group>";
		};
/* End PBXGroup section */

/* Begin PBXNativeTarget section */
		29995BBE21308E9B008FE485 /* todo */ = {
			isa = PBXNativeTarget;
			buildConfigurationList = 29995BD421308E9D008FE485 /* Build configuration list for PBXNativeTarget "todo" */;
			buildPhases = (
				29995BBB21308E9B008FE485 /* Sources */,
				29995BBC21308E9B008FE485 /* Frameworks */,
				29995BBD21308E9B008FE485 /* Resources */,
			);
			buildRules = (
			);
			dependencies = (
			);
			name = todo;
			productName = todo;
			productReference = 29995BBF21308E9B008FE485 /* todo.app */;
			productType = "com.apple.product-type.application";
		};
/* End PBXNativeTarget section */

/* Begin PBXProject section */
		29995BB721308E9B008FE485 /* Project object */ = {
			isa = PBXProject;
			attributes = {
				LastSwiftUpdateCheck = 0730;
				LastUpgradeCheck = 0730;
				ORGANIZATIONNAME = ShawnaYuan;
				TargetAttributes = {
					29995BBE21308E9B008FE485 = {
						CreatedOnToolsVersion = 7.3.1;
					};
				};
			};
			buildConfigurationList = 29995BBA21308E9B008FE485 /* Build configuration list for PBXProject "todo" */;
			compatibilityVersion = "Xcode 3.2";
			developmentRegion = English;
			hasScannedForEncodings = 0;
			knownRegions = (
				en,
				Base,
			);
			mainGroup = 29995BB621308E9B008FE485;
			productRefGroup = 29995BC021308E9B008FE485 /* Products */;
			projectDirPath = "";
			projectRoot = "";
			targets = (
				29995BBE21308E9B008FE485 /* todo */,
			);
		};
/* End PBXProject section */

/* Begin PBXResourcesBuildPhase section */
		29995BBD21308E9B008FE485 /* Resources */ = {
			isa = PBXResourcesBuildPhase;
			buildActionMask = 2147483647;
			files = (
				29995BD021308E9C008FE485 /* LaunchScreen.storyboard in Resources */,
				29995BCD21308E9C008FE485 /* Assets.xcassets in Resources */,
				29995BC821308E9C008FE485 /* Main.storyboard in Resources */,
			);
			runOnlyForDeploymentPostprocessing = 0;
		};
/* End PBXResourcesBuildPhase section */

/* Begin PBXSourcesBuildPhase section */
		29995BBB21308E9B008FE485 /* Sources */ = {
			isa = PBXSourcesBuildPhase;
			buildActionMask = 2147483647;
			files = (
				29995BC521308E9C008FE485 /* ViewController.swift in Sources */,
				29995BC321308E9B008FE485 /* AppDelegate.swift in Sources */,
				29995BCB21308E9C008FE485 /* todo.xcdatamodeld in Sources */,
			);
			runOnlyForDeploymentPostprocessing = 0;
		};
/* End PBXSourcesBuildPhase section */

/* Begin PBXVariantGroup section */
		29995BC621308E9C008FE485 /* Main.storyboard */ = {
			isa = PBXVariantGroup;
			children = (
				29995BC721308E9C008FE485 /* Base */,
			);
			name = Main.storyboard;
			sourceTree = "<group>";
		};
		29995BCE21308E9C008FE485 /* LaunchScreen.storyboard */ = {
			isa = PBXVariantGroup;
			children = (
				29995BCF21308E9C008FE485 /* Base */,
			);
			name = LaunchScreen.storyboard;
			sourceTree = "<group>";
		};
/* End PBXVariantGroup section */

/* Begin XCBuildConfiguration section */
		29995BD221308E9D008FE485 /* Debug */ = {
			isa = XCBuildConfiguration;
			buildSettings = {
				ALWAYS_SEARCH_USER_PATHS = NO;
				CLANG_ANALYZER_NONNULL = YES;
				CLANG_CXX_LANGUAGE_STANDARD = "gnu++0x";
				CLANG_CXX_LIBRARY = "libc++";
				CLANG_ENABLE_MODULES = YES;
				CLANG_ENABLE_OBJC_ARC = YES;
				CLANG_WARN_BOOL_CONVERSION = YES;
				CLANG_WARN_CONSTANT_CONVERSION = YES;
				CLANG_WARN_DIRECT_OBJC_ISA_USAGE = YES_ERROR;
				CLANG_WARN_EMPTY_BODY = YES;
				CLANG_WARN_ENUM_CONVERSION = YES;
				CLANG_WARN_INT_CONVERSION = YES;
				CLANG_WARN_OBJC_ROOT_CLASS = YES_ERROR;
				CLANG_WARN_UNREACHABLE_CODE = YES;
				CLANG_WARN__DUPLICATE_METHOD_MATCH = YES;
				"CODE_SIGN_IDENTITY[sdk=iphoneos*]" = "iPhone Developer";
				COPY_PHASE_STRIP = NO;
				DEBUG_INFORMATION_FORMAT = dwarf;
				ENABLE_STRICT_OBJC_MSGSEND = YES;
				ENABLE_TESTABILITY = YES;
				GCC_C_LANGUAGE_STANDARD = gnu99;
				GCC_DYNAMIC_NO_PIC = NO;
				GCC_NO_COMMON_BLOCKS = YES;
				GCC_OPTIMIZATION_LEVEL = 0;
				GCC_PREPROCESSOR_DEFINITIONS = (
					"DEBUG=1",
					"$(inherited)",
				);
				GCC_WARN_64_TO_32_BIT_CONVERSION = YES;
				GCC_WARN_ABOUT_RETURN_TYPE = YES_ERROR;
				GCC_WARN_UNDECLARED_SELECTOR = YES;
				GCC_WARN_UNINITIALIZED_AUTOS = YES_AGGRESSIVE;
				GCC_WARN_UNUSED_FUNCTION = YES;
				GCC_WARN_UNUSED_VARIABLE = YES;
				IPHONEOS_DEPLOYMENT_TARGET = 9.3;
				MTL_ENABLE_DEBUG_INFO = YES;
				ONLY_ACTIVE_ARCH = YES;
				SDKROOT = iphoneos;
				SWIFT_OPTIMIZATION_LEVEL = "-Onone";
			};
			name = Debug;
		};
		29995BD321308E9D008FE485 /* Release */ = {
			isa = XCBuildConfiguration;
			buildSettings = {
				ALWAYS_SEARCH_USER_PATHS = NO;
				CLANG_ANALYZER_NONNULL = YES;
				CLANG_CXX_LANGUAGE_STANDARD = "gnu++0x";
				CLANG_CXX_LIBRARY = "libc++";
				CLANG_ENABLE_MODULES = YES;
				CLANG_ENABLE_OBJC_ARC = YES;
				CLANG_WARN_BOOL_CONVERSION = YES;
				CLANG_WARN_CONSTANT_CONVERSION = YES;
				CLANG_WARN_DIRECT_OBJC_ISA_USAGE = YES_ERROR;
				CLANG_WARN_EMPTY_BODY = YES;
				CLANG_WARN_ENUM_CONVERSION = YES;
				CLANG_WARN_INT_CONVERSION = YES;
				CLANG_WARN_OBJC_ROOT_CLASS = YES_ERROR;
				CLANG_WARN_UNREACHABLE_CODE = YES;
				CLANG_WARN__DUPLICATE_METHOD_MATCH = YES;
				"CODE_SIGN_IDENTITY[sdk=iphoneos*]" = "iPhone Developer";
				COPY_PHASE_STRIP = NO;
				DEBUG_INFORMATION_FORMAT = "dwarf-with-dsym";
				ENABLE_NS_ASSERTIONS = NO;
				ENABLE_STRICT_OBJC_MSGSEND = YES;
				GCC_C_LANGUAGE_STANDARD = gnu99;
				GCC_NO_COMMON_BLOCKS = YES;
				GCC_WARN_64_TO_32_BIT_CONVERSION = YES;
				GCC_WARN_ABOUT_RETURN_TYPE = YES_ERROR;
				GCC_WARN_UNDECLARED_SELECTOR = YES;
				GCC_WARN_UNINITIALIZED_AUTOS = YES_AGGRESSIVE;
				GCC_WARN_UNUSED_FUNCTION = YES;
				GCC_WARN_UNUSED_VARIABLE = YES;
				IPHONEOS_DEPLOYMENT_TARGET = 9.3;
				MTL_ENABLE_DEBUG_INFO = NO;
				SDKROOT = iphoneos;
				VALIDATE_PRODUCT = YES;
			};
			name = Release;
		};
		29995BD521308E9D008FE485 /* Debug */ = {
			isa = XCBuildConfiguration;
			buildSettings = {
				ASSETCATALOG_COMPILER_APPICON_NAME = AppIcon;
				INFOPLIST_FILE = todo/Info.plist;
				LD_RUNPATH_SEARCH_PATHS = "$(inherited) @executable_path/Frameworks";
				PRODUCT_BUNDLE_IDENTIFIER = com.shawna.todo;
				PRODUCT_NAME = "$(TARGET_NAME)";
			};
			name = Debug;
		};
		29995BD621308E9D008FE485 /* Release */ = {
			isa = XCBuildConfiguration;
			buildSettings = {
				ASSETCATALOG_COMPILER_APPICON_NAME = AppIcon;
				INFOPLIST_FILE = todo/Info.plist;
				LD_RUNPATH_SEARCH_PATHS = "$(inherited) @executable_path/Frameworks";
				PRODUCT_BUNDLE_IDENTIFIER = com.shawna.todo;
				PRODUCT_NAME = "$(TARGET_NAME)";
			};
			name = Release;
		};
/* End XCBuildConfiguration section */

/* Begin XCConfigurationList section */
		29995BBA21308E9B008FE485 /* Build configuration list for PBXProject "todo" */ = {
			isa = XCConfigurationList;
			buildConfigurations = (
				29995BD221308E9D008FE485 /* Debug */,
				29995BD321308E9D008FE485 /* Release */,
			);
			defaultConfigurationIsVisible = 0;
			defaultConfigurationName = Release;
		};
		29995BD421308E9D008FE485 /* Build configuration list for PBXNativeTarget "todo" */ = {
			isa = XCConfigurationList;
			buildConfigurations = (
				29995BD521308E9D008FE485 /* Debug */,
				29995BD621308E9D008FE485 /* Release */,
			);
			defaultConfigurationIsVisible = 0;
		};
/* End XCConfigurationList section */

/* Begin XCVersionGroup section */
		29995BC921308E9C008FE485 /* todo.xcdatamodeld */ = {
			isa = XCVersionGroup;
			children = (
				29995BCA21308E9C008FE485 /* todo.xcdatamodel */,
			);
			currentVersion = 29995BCA21308E9C008FE485 /* todo.xcdatamodel */;
			path = todo.xcdatamodeld;
			sourceTree = "<group>";
			versionGroupType = wrapper.xcdatamodel;
		};
/* End XCVersionGroup section */
	};
	rootObject = 29995BB721308E9B008FE485 /* Project object */;
}
